
Microsoft Visual Studio Solution File, Format Version 12.00
# Visual Studio 2015
Project("{FAE04EC0-301F-11D3-BF4B-00C04F79EFBC}") = "LeapBass", "LeapBass.csproj", "{3B9E1803-82CC-4A1F-185D-FDBF71491EC0}"
EndProject
Project("{FAE04EC0-301F-11D3-BF4B-00C04F79EFBC}") = "LeapBass.Editor", "LeapBass.Editor.csproj", "{C05A6050-76C3-456C-7140-2DAF58B2998E}"
EndProject
Global
	GlobalSection(SolutionConfigurationPlatforms) = preSolution
		Debug|Any CPU = Debug|Any CPU
		Release|Any CPU = Release|Any CPU
	EndGlobalSection
	GlobalSection(ProjectConfigurationPlatforms) = postSolution
		{3B9E1803-82CC-4A1F-185D-FDBF71491EC0}.Debug|Any CPU.ActiveCfg = Debug|Any CPU
		{3B9E1803-82CC-4A1F-185D-FDBF71491EC0}.Debug|Any CPU.Build.0 = Debug|Any CPU
		{3B9E1803-82CC-4A1F-185D-FDBF71491EC0}.Release|Any CPU.ActiveCfg = Release|Any CPU
		{3B9E1803-82CC-4A1F-185D-FDBF71491EC0}.Release|Any CPU.Build.0 = Release|Any CPU
		{C05A6050-76C3-456C-7140-2DAF58B2998E}.Debug|Any CPU.ActiveCfg = Debug|Any CPU
		{C05A6050-76C3-456C-7140-2DAF58B2998E}.Debug|Any CPU.Build.0 = Debug|Any CPU
		{C05A6050-76C3-456C-7140-2DAF58B2998E}.Release|Any CPU.ActiveCfg = Release|Any CPU
		{C05A6050-76C3-456C-7140-2DAF58B2998E}.Release|Any CPU.Build.0 = Release|Any CPU
	EndGlobalSection
	GlobalSection(SolutionProperties) = preSolution
		HideSolutionNode = FALSE
	EndGlobalSection
EndGlobal
